
Microsoft Visual Studio Solution File, Format Version 12.00
# Visual Studio 15
VisualStudioVersion = 15.0.27428.2015
MinimumVisualStudioVersion = 10.0.40219.1
Project("{FAE04EC0-301F-11D3-BF4B-00C04F79EFBC}") = "Calculator23.Android", "Calculator23\Calculator23.Android\Calculator23.Android.csproj", "{BE8BAC88-B3B0-4BC3-9D19-1265300A39E6}"
EndProject
Project("{FAE04EC0-301F-11D3-BF4B-00C04F79EFBC}") = "Calculator23.UWP", "Calculator23\Calculator23.UWP\Calculator23.UWP.csproj", "{5904D04E-00AF-4EEF-AFD8-59879946C782}"
EndProject
Project("{FAE04EC0-301F-11D3-BF4B-00C04F79EFBC}") = "Calculator23", "Calculator23\Calculator23\Calculator23.csproj", "{2FE6DBDD-A75C-4FE0-9F1A-392015306646}"
EndProject
Global
	GlobalSection(SolutionConfigurationPlatforms) = preSolution
		Debug|Any CPU = Debug|Any CPU
		Debug|ARM = Debug|ARM
		Debug|x64 = Debug|x64
		Debug|x86 = Debug|x86
		Release|Any CPU = Release|Any CPU
		Release|ARM = Release|ARM
		Release|x64 = Release|x64
		Release|x86 = Release|x86
	EndGlobalSection
	GlobalSection(ProjectConfigurationPlatforms) = postSolution
		{BE8BAC88-B3B0-4BC3-9D19-1265300A39E6}.Debug|Any CPU.ActiveCfg = Debug|Any CPU
		{BE8BAC88-B3B0-4BC3-9D19-1265300A39E6}.Debug|Any CPU.Build.0 = Debug|Any CPU
		{BE8BAC88-B3B0-4BC3-9D19-1265300A39E6}.Debug|Any CPU.Deploy.0 = Debug|Any CPU
		{BE8BAC88-B3B0-4BC3-9D19-1265300A39E6}.Debug|ARM.ActiveCfg = Debug|Any CPU
		{BE8BAC88-B3B0-4BC3-9D19-1265300A39E6}.Debug|ARM.Build.0 = Debug|Any CPU
		{BE8BAC88-B3B0-4BC3-9D19-1265300A39E6}.Debug|ARM.Deploy.0 = Debug|Any CPU
		{BE8BAC88-B3B0-4BC3-9D19-1265300A39E6}.Debug|x64.ActiveCfg = Debug|Any CPU
		{BE8BAC88-B3B0-4BC3-9D19-1265300A39E6}.Debug|x64.Build.0 = Debug|Any CPU
		{BE8BAC88-B3B0-4BC3-9D19-1265300A39E6}.Debug|x64.Deploy.0 = Debug|Any CPU
		{BE8BAC88-B3B0-4BC3-9D19-1265300A39E6}.Debug|x86.ActiveCfg = Debug|Any CPU
		{BE8BAC88-B3B0-4BC3-9D19-1265300A39E6}.Debug|x86.Build.0 = Debug|Any CPU
		{BE8BAC88-B3B0-4BC3-9D19-1265300A39E6}.Debug|x86.Deploy.0 = Debug|Any CPU
		{BE8BAC88-B3B0-4BC3-9D19-1265300A39E6}.Release|Any CPU.ActiveCfg = Release|Any CPU
		{BE8BAC88-B3B0-4BC3-9D19-1265300A39E6}.Release|Any CPU.Build.0 = Release|Any CPU
		{BE8BAC88-B3B0-4BC3-9D19-1265300A39E6}.Release|Any CPU.Deploy.0 = Release|Any CPU
		{BE8BAC88-B3B0-4BC3-9D19-1265300A39E6}.Release|ARM.ActiveCfg = Release|Any CPU
		{BE8BAC88-B3B0-4BC3-9D19-1265300A39E6}.Release|ARM.Build.0 = Release|Any CPU
		{BE8BAC88-B3B0-4BC3-9D19-1265300A39E6}.Release|ARM.Deploy.0 = Release|Any CPU
		{BE8BAC88-B3B0-4BC3-9D19-1265300A39E6}.Release|x64.ActiveCfg = Release|Any CPU
		{BE8BAC88-B3B0-4BC3-9D19-1265300A39E6}.Release|x64.Build.0 = Release|Any CPU
		{BE8BAC88-B3B0-4BC3-9D19-1265300A39E6}.Release|x64.Deploy.0 = Release|Any CPU
		{BE8BAC88-B3B0-4BC3-9D19-1265300A39E6}.Release|x86.ActiveCfg = Release|Any CPU
		{BE8BAC88-B3B0-4BC3-9D19-1265300A39E6}.Release|x86.Build.0 = Release|Any CPU
		{BE8BAC88-B3B0-4BC3-9D19-1265300A39E6}.Release|x86.Deploy.0 = Release|Any CPU
		{5904D04E-00AF-4EEF-AFD8-59879946C782}.Debug|Any CPU.ActiveCfg = Debug|x86
		{5904D04E-00AF-4EEF-AFD8-59879946C782}.Debug|ARM.ActiveCfg = Debug|ARM
		{5904D04E-00AF-4EEF-AFD8-59879946C782}.Debug|ARM.Build.0 = Debug|ARM
		{5904D04E-00AF-4EEF-AFD8-59879946C782}.Debug|ARM.Deploy.0 = Debug|ARM
		{5904D04E-00AF-4EEF-AFD8-59879946C782}.Debug|x64.ActiveCfg = Debug|x64
		{5904D04E-00AF-4EEF-AFD8-59879946C782}.Debug|x64.Build.0 = Debug|x64
		{5904D04E-00AF-4EEF-AFD8-59879946C782}.Debug|x64.Deploy.0 = Debug|x64
		{5904D04E-00AF-4EEF-AFD8-59879946C782}.Debug|x86.ActiveCfg = Debug|x86
		{5904D04E-00AF-4EEF-AFD8-59879946C782}.Debug|x86.Build.0 = Debug|x86
		{5904D04E-00AF-4EEF-AFD8-59879946C782}.Debug|x86.Deploy.0 = Debug|x86
		{5904D04E-00AF-4EEF-AFD8-59879946C782}.Release|Any CPU.ActiveCfg = Release|x86
		{5904D04E-00AF-4EEF-AFD8-59879946C782}.Release|ARM.ActiveCfg = Release|ARM
		{5904D04E-00AF-4EEF-AFD8-59879946C782}.Release|ARM.Build.0 = Release|ARM
		{5904D04E-00AF-4EEF-AFD8-59879946C782}.Release|ARM.Deploy.0 = Release|ARM
		{5904D04E-00AF-4EEF-AFD8-59879946C782}.Release|x64.ActiveCfg = Release|x64
		{5904D04E-00AF-4EEF-AFD8-59879946C782}.Release|x64.Build.0 = Release|x64
		{5904D04E-00AF-4EEF-AFD8-59879946C782}.Release|x64.Deploy.0 = Release|x64
		{5904D04E-00AF-4EEF-AFD8-59879946C782}.Release|x86.ActiveCfg = Release|x86
		{5904D04E-00AF-4EEF-AFD8-59879946C782}.Release|x86.Build.0 = Release|x86
		{5904D04E-00AF-4EEF-AFD8-59879946C782}.Release|x86.Deploy.0 = Release|x86
		{2FE6DBDD-A75C-4FE0-9F1A-392015306646}.Debug|Any CPU.ActiveCfg = Debug|Any CPU
		{2FE6DBDD-A75C-4FE0-9F1A-392015306646}.Debug|Any CPU.Build.0 = Debug|Any CPU
		{2FE6DBDD-A75C-4FE0-9F1A-392015306646}.Debug|ARM.ActiveCfg = Debug|Any CPU
		{2FE6DBDD-A75C-4FE0-9F1A-392015306646}.Debug|ARM.Build.0 = Debug|Any CPU
		{2FE6DBDD-A75C-4FE0-9F1A-392015306646}.Debug|x64.ActiveCfg = Debug|Any CPU
		{2FE6DBDD-A75C-4FE0-9F1A-392015306646}.Debug|x64.Build.0 = Debug|Any CPU
		{2FE6DBDD-A75C-4FE0-9F1A-392015306646}.Debug|x86.ActiveCfg = Debug|Any CPU
		{2FE6DBDD-A75C-4FE0-9F1A-392015306646}.Debug|x86.Build.0 = Debug|Any CPU
		{2FE6DBDD-A75C-4FE0-9F1A-392015306646}.Release|Any CPU.ActiveCfg = Release|Any CPU
		{2FE6DBDD-A75C-4FE0-9F1A-392015306646}.Release|Any CPU.Build.0 = Release|Any CPU
		{2FE6DBDD-A75C-4FE0-9F1A-392015306646}.Release|ARM.ActiveCfg = Release|Any CPU
		{2FE6DBDD-A75C-4FE0-9F1A-392015306646}.Release|ARM.Build.0 = Release|Any CPU
		{2FE6DBDD-A75C-4FE0-9F1A-392015306646}.Release|x64.ActiveCfg = Release|Any CPU
		{2FE6DBDD-A75C-4FE0-9F1A-392015306646}.Release|x64.Build.0 = Release|Any CPU
		{2FE6DBDD-A75C-4FE0-9F1A-392015306646}.Release|x86.ActiveCfg = Release|Any CPU
		{2FE6DBDD-A75C-4FE0-9F1A-392015306646}.Release|x86.Build.0 = Release|Any CPU
	EndGlobalSection
	GlobalSection(SolutionProperties) = preSolution
		HideSolutionNode = FALSE
	EndGlobalSection
	GlobalSection(ExtensibilityGlobals) = postSolution
		SolutionGuid = {FD003BA8-78CC-4820-990F-6142CF1CA65D}
	EndGlobalSection
EndGlobal
